
Microsoft Visual Studio Solution File, Format Version 12.00
# Visual Studio Version 17
VisualStudioVersion = 17.7.34009.444
MinimumVisualStudioVersion = 10.0.40219.1
Project("{FAE04EC0-301F-11D3-BF4B-00C04F79EFBC}") = "WpfApp1", "WpfApp1\WpfApp1.csproj", "{FA1B7B2C-F1CC-435F-BE66-D93F95975DF4}"
EndProject
Global
	GlobalSection(SolutionConfigurationPlatforms) = preSolution
		Debug|Any CPU = Debug|Any CPU
		Release|Any CPU = Release|Any CPU
	EndGlobalSection
	GlobalSection(ProjectConfigurationPlatforms) = postSolution
		{FA1B7B2C-F1CC-435F-BE66-D93F95975DF4}.Debug|Any CPU.ActiveCfg = Debug|Any CPU
		{FA1B7B2C-F1CC-435F-BE66-D93F95975DF4}.Debug|Any CPU.Build.0 = Debug|Any CPU
		{FA1B7B2C-F1CC-435F-BE66-D93F95975DF4}.Release|Any CPU.ActiveCfg = Release|Any CPU
		{FA1B7B2C-F1CC-435F-BE66-D93F95975DF4}.Release|Any CPU.Build.0 = Release|Any CPU
	EndGlobalSection
	GlobalSection(SolutionProperties) = preSolution
		HideSolutionNode = FALSE
	EndGlobalSection
	GlobalSection(ExtensibilityGlobals) = postSolution
		SolutionGuid = {A31E3B2E-8AF9-41E1-A17A-EB889514395E}
	EndGlobalSection
EndGlobal
